
Microsoft Visual Studio Solution File, Format Version 12.00
# Visual Studio Version 17
VisualStudioVersion = 17.5.33530.505
MinimumVisualStudioVersion = 10.0.40219.1
Project("{9A19103F-16F7-4668-BE54-9A1E7A4F7556}") = "MyBlazorShopHosted.Libraries.Services", "src\Libraries\MyBlazorShopHosted.Libraries.Services\MyBlazorShopHosted.Libraries.Services.csproj", "{6483C70C-BEA4-49B6-ABF5-EA24B44ED48C}"
EndProject
Project("{9A19103F-16F7-4668-BE54-9A1E7A4F7556}") = "MyBlazorShopHosted.Libraries.Shared", "src\Libraries\MyBlazorShopHosted.Libraries.Shared\MyBlazorShopHosted.Libraries.Shared.csproj", "{086279C5-E1C3-4166-BCB2-2FBDE87F9AC3}"
EndProject
Project("{9A19103F-16F7-4668-BE54-9A1E7A4F7556}") = "MyBlazorShopHosted.Web.Server", "src\Web\MyBlazorShopHosted.Web.Server\MyBlazorShopHosted.Web.Server.csproj", "{7515C9E3-7BFE-4818-A1FB-C946E3C9337E}"
EndProject
Project("{9A19103F-16F7-4668-BE54-9A1E7A4F7556}") = "MyBlazorShopHosted.Web.Client", "src\Web\MyBlazorShopHosted.Web.Client\MyBlazorShopHosted.Web.Client.csproj", "{1E5BA8C0-6A93-4DDF-8F60-DB434D14A204}"
EndProject
Global
	GlobalSection(SolutionConfigurationPlatforms) = preSolution
		Debug|Any CPU = Debug|Any CPU
		Release|Any CPU = Release|Any CPU
	EndGlobalSection
	GlobalSection(ProjectConfigurationPlatforms) = postSolution
		{6483C70C-BEA4-49B6-ABF5-EA24B44ED48C}.Debug|Any CPU.ActiveCfg = Debug|Any CPU
		{6483C70C-BEA4-49B6-ABF5-EA24B44ED48C}.Debug|Any CPU.Build.0 = Debug|Any CPU
		{6483C70C-BEA4-49B6-ABF5-EA24B44ED48C}.Release|Any CPU.ActiveCfg = Release|Any CPU
		{6483C70C-BEA4-49B6-ABF5-EA24B44ED48C}.Release|Any CPU.Build.0 = Release|Any CPU
		{086279C5-E1C3-4166-BCB2-2FBDE87F9AC3}.Debug|Any CPU.ActiveCfg = Debug|Any CPU
		{086279C5-E1C3-4166-BCB2-2FBDE87F9AC3}.Debug|Any CPU.Build.0 = Debug|Any CPU
		{086279C5-E1C3-4166-BCB2-2FBDE87F9AC3}.Release|Any CPU.ActiveCfg = Release|Any CPU
		{086279C5-E1C3-4166-BCB2-2FBDE87F9AC3}.Release|Any CPU.Build.0 = Release|Any CPU
		{7515C9E3-7BFE-4818-A1FB-C946E3C9337E}.Debug|Any CPU.ActiveCfg = Debug|Any CPU
		{7515C9E3-7BFE-4818-A1FB-C946E3C9337E}.Debug|Any CPU.Build.0 = Debug|Any CPU
		{7515C9E3-7BFE-4818-A1FB-C946E3C9337E}.Release|Any CPU.ActiveCfg = Release|Any CPU
		{7515C9E3-7BFE-4818-A1FB-C946E3C9337E}.Release|Any CPU.Build.0 = Release|Any CPU
		{1E5BA8C0-6A93-4DDF-8F60-DB434D14A204}.Debug|Any CPU.ActiveCfg = Debug|Any CPU
		{1E5BA8C0-6A93-4DDF-8F60-DB434D14A204}.Debug|Any CPU.Build.0 = Debug|Any CPU
		{1E5BA8C0-6A93-4DDF-8F60-DB434D14A204}.Release|Any CPU.ActiveCfg = Release|Any CPU
		{1E5BA8C0-6A93-4DDF-8F60-DB434D14A204}.Release|Any CPU.Build.0 = Release|Any CPU
	EndGlobalSection
	GlobalSection(SolutionProperties) = preSolution
		HideSolutionNode = FALSE
	EndGlobalSection
	GlobalSection(ExtensibilityGlobals) = postSolution
		SolutionGuid = {A6C375D4-118B-467F-8139-EF302FE81F70}
	EndGlobalSection
EndGlobal
